
Microsoft Visual Studio Solution File, Format Version 12.00
# Visual Studio 15
VisualStudioVersion = 15.0.26730.8
MinimumVisualStudioVersion = 10.0.40219.1
Project("{FAE04EC0-301F-11D3-BF4B-00C04F79EFBC}") = "RaspiSharp", "RaspiSharp\RaspiSharp.csproj", "{C492E6CE-03BD-4DC2-9E2F-695D145979FE}"
EndProject
Global
	GlobalSection(SolutionConfigurationPlatforms) = preSolution
		Debug|Any CPU = Debug|Any CPU
		Release|Any CPU = Release|Any CPU
	EndGlobalSection
	GlobalSection(ProjectConfigurationPlatforms) = postSolution
		{C492E6CE-03BD-4DC2-9E2F-695D145979FE}.Debug|Any CPU.ActiveCfg = Debug|Any CPU
		{C492E6CE-03BD-4DC2-9E2F-695D145979FE}.Debug|Any CPU.Build.0 = Debug|Any CPU
		{C492E6CE-03BD-4DC2-9E2F-695D145979FE}.Release|Any CPU.ActiveCfg = Release|Any CPU
		{C492E6CE-03BD-4DC2-9E2F-695D145979FE}.Release|Any CPU.Build.0 = Release|Any CPU
	EndGlobalSection
	GlobalSection(SolutionProperties) = preSolution
		HideSolutionNode = FALSE
	EndGlobalSection
	GlobalSection(ExtensibilityGlobals) = postSolution
		SolutionGuid = {211063C6-6A26-49A4-B3AA-DFF256801FB5}
	EndGlobalSection
EndGlobal
